
Microsoft Visual Studio Solution File, Format Version 12.00
# Visual Studio Version 16
VisualStudioVersion = 16.0.28531.58
MinimumVisualStudioVersion = 10.0.40219.1
Project("{9A19103F-16F7-4668-BE54-9A1E7A4F7556}") = "Sppd.TeamTuner", "Sppd.TeamTuner\Sppd.TeamTuner.csproj", "{30D32836-9444-42D9-850C-258DB3886237}"
	ProjectSection(ProjectDependencies) = postProject
		{2104B525-31CF-4AC1-BF49-1B2DB4BA5627} = {2104B525-31CF-4AC1-BF49-1B2DB4BA5627}
		{EE6B295C-0B6B-4A12-B147-CBB824FCC5D7} = {EE6B295C-0B6B-4A12-B147-CBB824FCC5D7}
		{1DD6F67D-015D-44F7-AB85-94DB2163BD04} = {1DD6F67D-015D-44F7-AB85-94DB2163BD04}
		{37746EA6-BB6F-4857-B5BB-1ACB9A65EC25} = {37746EA6-BB6F-4857-B5BB-1ACB9A65EC25}
	EndProjectSection
EndProject
Project("{9A19103F-16F7-4668-BE54-9A1E7A4F7556}") = "Sppd.TeamTuner.Core", "Sppd.TeamTuner.Core\Sppd.TeamTuner.Core.csproj", "{0CA39092-BE21-4E7C-A88F-594649AB635F}"
EndProject
Project("{2150E333-8FDC-42A3-9474-1A3956D46DE8}") = "Tests", "Tests", "{6BBB30B3-F52C-4504-8F83-6B547643BE3E}"
EndProject
Project("{9A19103F-16F7-4668-BE54-9A1E7A4F7556}") = "Sppd.TeamTuner.Infrastructure", "Sppd.TeamTuner.Infrastructure\Sppd.TeamTuner.Infrastructure.csproj", "{2104B525-31CF-4AC1-BF49-1B2DB4BA5627}"
EndProject
Project("{9A19103F-16F7-4668-BE54-9A1E7A4F7556}") = "Sppd.TeamTuner.Tests.Integration.Api", "Tests\Sppd.TeamTuner.Tests.Integration.Api\Sppd.TeamTuner.Tests.Integration.Api.csproj", "{85E21147-1B4D-4420-98D3-9C7F06ADBD7F}"
	ProjectSection(ProjectDependencies) = postProject
		{2104B525-31CF-4AC1-BF49-1B2DB4BA5627} = {2104B525-31CF-4AC1-BF49-1B2DB4BA5627}
		{EE6B295C-0B6B-4A12-B147-CBB824FCC5D7} = {EE6B295C-0B6B-4A12-B147-CBB824FCC5D7}
		{1DD6F67D-015D-44F7-AB85-94DB2163BD04} = {1DD6F67D-015D-44F7-AB85-94DB2163BD04}
		{0CA39092-BE21-4E7C-A88F-594649AB635F} = {0CA39092-BE21-4E7C-A88F-594649AB635F}
	EndProjectSection
EndProject
Project("{9A19103F-16F7-4668-BE54-9A1E7A4F7556}") = "Sppd.TeamTuner.Tests.Unit", "Tests\Sppd.TeamTuner.Tests.Unit\Sppd.TeamTuner.Tests.Unit.csproj", "{81118848-D91B-4B1D-AD13-F0B1E2149E49}"
EndProject
Project("{9A19103F-16F7-4668-BE54-9A1E7A4F7556}") = "Sppd.TeamTuner.Infrastructure.DataAccess.EF", "Sppd.TeamTuner.Infrastructure.DataAccess.EF\Sppd.TeamTuner.Infrastructure.DataAccess.EF.csproj", "{1DD6F67D-015D-44F7-AB85-94DB2163BD04}"
	ProjectSection(ProjectDependencies) = postProject
		{EE6B295C-0B6B-4A12-B147-CBB824FCC5D7} = {EE6B295C-0B6B-4A12-B147-CBB824FCC5D7}
	EndProjectSection
EndProject
Project("{9A19103F-16F7-4668-BE54-9A1E7A4F7556}") = "Sppd.TeamTuner.Common", "Sppd.TeamTuner.Common\Sppd.TeamTuner.Common.csproj", "{EE6B295C-0B6B-4A12-B147-CBB824FCC5D7}"
EndProject
Project("{9A19103F-16F7-4668-BE54-9A1E7A4F7556}") = "Sppd.TeamTuner.Infrastructure.DataAccess.EF.MsSql", "Sppd.TeamTuner.Infrastructure.DataAccess.EF.MsSql\Sppd.TeamTuner.Infrastructure.DataAccess.EF.MsSql.csproj", "{37746EA6-BB6F-4857-B5BB-1ACB9A65EC25}"
EndProject
Project("{9A19103F-16F7-4668-BE54-9A1E7A4F7556}") = "Sppd.TeamTuner.Infrastructure.DataAccess.EF.Sqlite", "Sppd.TeamTuner.Infrastructure.DataAccess.EF.Sqlite\Sppd.TeamTuner.Infrastructure.DataAccess.EF.Sqlite.csproj", "{93D69A04-20E5-463B-B3A1-9E2EE518FC7B}"
EndProject
Project("{9A19103F-16F7-4668-BE54-9A1E7A4F7556}") = "Sppd.TeamTuner.Infrastructure.DataAccess.EF.InMemory", "Sppd.TeamTuner.Infrastructure.DataAccess.EF.InMemory\Sppd.TeamTuner.Infrastructure.DataAccess.EF.InMemory.csproj", "{C3C4E6CD-242B-4B2F-9FB5-5CFC5B1A6762}"
EndProject
Project("{9A19103F-16F7-4668-BE54-9A1E7A4F7556}") = "Sppd.TeamTuner.Tests.Integration.DataAccess", "Tests\Sppd.TeamTuner.Tests.Integration.Repository\Sppd.TeamTuner.Tests.Integration.DataAccess.csproj", "{B42FF053-85AC-4B04-8491-418179084F81}"
EndProject
Global
	GlobalSection(SolutionConfigurationPlatforms) = preSolution
		Debug|Any CPU = Debug|Any CPU
		Release|Any CPU = Release|Any CPU
	EndGlobalSection
	GlobalSection(ProjectConfigurationPlatforms) = postSolution
		{30D32836-9444-42D9-850C-258DB3886237}.Debug|Any CPU.ActiveCfg = Debug|Any CPU
		{30D32836-9444-42D9-850C-258DB3886237}.Debug|Any CPU.Build.0 = Debug|Any CPU
		{30D32836-9444-42D9-850C-258DB3886237}.Release|Any CPU.ActiveCfg = Release|Any CPU
		{30D32836-9444-42D9-850C-258DB3886237}.Release|Any CPU.Build.0 = Release|Any CPU
		{0CA39092-BE21-4E7C-A88F-594649AB635F}.Debug|Any CPU.ActiveCfg = Debug|Any CPU
		{0CA39092-BE21-4E7C-A88F-594649AB635F}.Debug|Any CPU.Build.0 = Debug|Any CPU
		{0CA39092-BE21-4E7C-A88F-594649AB635F}.Release|Any CPU.ActiveCfg = Release|Any CPU
		{0CA39092-BE21-4E7C-A88F-594649AB635F}.Release|Any CPU.Build.0 = Release|Any CPU
		{2104B525-31CF-4AC1-BF49-1B2DB4BA5627}.Debug|Any CPU.ActiveCfg = Debug|Any CPU
		{2104B525-31CF-4AC1-BF49-1B2DB4BA5627}.Debug|Any CPU.Build.0 = Debug|Any CPU
		{2104B525-31CF-4AC1-BF49-1B2DB4BA5627}.Release|Any CPU.ActiveCfg = Release|Any CPU
		{2104B525-31CF-4AC1-BF49-1B2DB4BA5627}.Release|Any CPU.Build.0 = Release|Any CPU
		{85E21147-1B4D-4420-98D3-9C7F06ADBD7F}.Debug|Any CPU.ActiveCfg = Debug|Any CPU
		{85E21147-1B4D-4420-98D3-9C7F06ADBD7F}.Debug|Any CPU.Build.0 = Debug|Any CPU
		{85E21147-1B4D-4420-98D3-9C7F06ADBD7F}.Release|Any CPU.ActiveCfg = Release|Any CPU
		{85E21147-1B4D-4420-98D3-9C7F06ADBD7F}.Release|Any CPU.Build.0 = Release|Any CPU
		{81118848-D91B-4B1D-AD13-F0B1E2149E49}.Debug|Any CPU.ActiveCfg = Debug|Any CPU
		{81118848-D91B-4B1D-AD13-F0B1E2149E49}.Debug|Any CPU.Build.0 = Debug|Any CPU
		{81118848-D91B-4B1D-AD13-F0B1E2149E49}.Release|Any CPU.ActiveCfg = Release|Any CPU
		{81118848-D91B-4B1D-AD13-F0B1E2149E49}.Release|Any CPU.Build.0 = Release|Any CPU
		{1DD6F67D-015D-44F7-AB85-94DB2163BD04}.Debug|Any CPU.ActiveCfg = Debug|Any CPU
		{1DD6F67D-015D-44F7-AB85-94DB2163BD04}.Debug|Any CPU.Build.0 = Debug|Any CPU
		{1DD6F67D-015D-44F7-AB85-94DB2163BD04}.Release|Any CPU.ActiveCfg = Release|Any CPU
		{1DD6F67D-015D-44F7-AB85-94DB2163BD04}.Release|Any CPU.Build.0 = Release|Any CPU
		{EE6B295C-0B6B-4A12-B147-CBB824FCC5D7}.Debug|Any CPU.ActiveCfg = Debug|Any CPU
		{EE6B295C-0B6B-4A12-B147-CBB824FCC5D7}.Debug|Any CPU.Build.0 = Debug|Any CPU
		{EE6B295C-0B6B-4A12-B147-CBB824FCC5D7}.Release|Any CPU.ActiveCfg = Release|Any CPU
		{EE6B295C-0B6B-4A12-B147-CBB824FCC5D7}.Release|Any CPU.Build.0 = Release|Any CPU
		{37746EA6-BB6F-4857-B5BB-1ACB9A65EC25}.Debug|Any CPU.ActiveCfg = Debug|Any CPU
		{37746EA6-BB6F-4857-B5BB-1ACB9A65EC25}.Debug|Any CPU.Build.0 = Debug|Any CPU
		{37746EA6-BB6F-4857-B5BB-1ACB9A65EC25}.Release|Any CPU.ActiveCfg = Release|Any CPU
		{37746EA6-BB6F-4857-B5BB-1ACB9A65EC25}.Release|Any CPU.Build.0 = Release|Any CPU
		{93D69A04-20E5-463B-B3A1-9E2EE518FC7B}.Debug|Any CPU.ActiveCfg = Debug|Any CPU
		{93D69A04-20E5-463B-B3A1-9E2EE518FC7B}.Debug|Any CPU.Build.0 = Debug|Any CPU
		{93D69A04-20E5-463B-B3A1-9E2EE518FC7B}.Release|Any CPU.ActiveCfg = Release|Any CPU
		{93D69A04-20E5-463B-B3A1-9E2EE518FC7B}.Release|Any CPU.Build.0 = Release|Any CPU
		{C3C4E6CD-242B-4B2F-9FB5-5CFC5B1A6762}.Debug|Any CPU.ActiveCfg = Debug|Any CPU
		{C3C4E6CD-242B-4B2F-9FB5-5CFC5B1A6762}.Debug|Any CPU.Build.0 = Debug|Any CPU
		{C3C4E6CD-242B-4B2F-9FB5-5CFC5B1A6762}.Release|Any CPU.ActiveCfg = Release|Any CPU
		{C3C4E6CD-242B-4B2F-9FB5-5CFC5B1A6762}.Release|Any CPU.Build.0 = Release|Any CPU
		{B42FF053-85AC-4B04-8491-418179084F81}.Debug|Any CPU.ActiveCfg = Debug|Any CPU
		{B42FF053-85AC-4B04-8491-418179084F81}.Debug|Any CPU.Build.0 = Debug|Any CPU
		{B42FF053-85AC-4B04-8491-418179084F81}.Release|Any CPU.ActiveCfg = Release|Any CPU
		{B42FF053-85AC-4B04-8491-418179084F81}.Release|Any CPU.Build.0 = Release|Any CPU
	EndGlobalSection
	GlobalSection(SolutionProperties) = preSolution
		HideSolutionNode = FALSE
	EndGlobalSection
	GlobalSection(NestedProjects) = preSolution
		{85E21147-1B4D-4420-98D3-9C7F06ADBD7F} = {6BBB30B3-F52C-4504-8F83-6B547643BE3E}
		{81118848-D91B-4B1D-AD13-F0B1E2149E49} = {6BBB30B3-F52C-4504-8F83-6B547643BE3E}
		{B42FF053-85AC-4B04-8491-418179084F81} = {6BBB30B3-F52C-4504-8F83-6B547643BE3E}
	EndGlobalSection
	GlobalSection(ExtensibilityGlobals) = postSolution
		SolutionGuid = {A1121C1E-D86C-4DB7-B3CA-5BD5A32931EC}
	EndGlobalSection
EndGlobal
